
Microsoft Visual Studio Solution File, Format Version 12.00
# Visual Studio 2013
VisualStudioVersion = 12.0.30723.0
MinimumVisualStudioVersion = 10.0.40219.1
Project("{FAE04EC0-301F-11D3-BF4B-00C04F79EFBC}") = "LazyLoading.Model", "LazyLoading.Model\LazyLoading.Model.csproj", "{B08D9149-47C3-4360-B2F8-61634A064C3D}"
EndProject
Project("{FAE04EC0-301F-11D3-BF4B-00C04F79EFBC}") = "LazyLoading.Repository", "LazyLoading.Repository\LazyLoading.Repository.csproj", "{6E18D44F-07ED-483B-B54A-662943EA010E}"
EndProject
Project("{FAE04EC0-301F-11D3-BF4B-00C04F79EFBC}") = "LazyLoading.Console", "LazyLoading.Console\LazyLoading.Console.csproj", "{7FF90226-E8C7-4BB1-A5DC-8F8DF1C11749}"
EndProject
Global
	GlobalSection(SolutionConfigurationPlatforms) = preSolution
		Debug|Any CPU = Debug|Any CPU
		Release|Any CPU = Release|Any CPU
	EndGlobalSection
	GlobalSection(ProjectConfigurationPlatforms) = postSolution
		{B08D9149-47C3-4360-B2F8-61634A064C3D}.Debug|Any CPU.ActiveCfg = Debug|Any CPU
		{B08D9149-47C3-4360-B2F8-61634A064C3D}.Debug|Any CPU.Build.0 = Debug|Any CPU
		{B08D9149-47C3-4360-B2F8-61634A064C3D}.Release|Any CPU.ActiveCfg = Release|Any CPU
		{B08D9149-47C3-4360-B2F8-61634A064C3D}.Release|Any CPU.Build.0 = Release|Any CPU
		{6E18D44F-07ED-483B-B54A-662943EA010E}.Debug|Any CPU.ActiveCfg = Debug|Any CPU
		{6E18D44F-07ED-483B-B54A-662943EA010E}.Debug|Any CPU.Build.0 = Debug|Any CPU
		{6E18D44F-07ED-483B-B54A-662943EA010E}.Release|Any CPU.ActiveCfg = Release|Any CPU
		{6E18D44F-07ED-483B-B54A-662943EA010E}.Release|Any CPU.Build.0 = Release|Any CPU
		{7FF90226-E8C7-4BB1-A5DC-8F8DF1C11749}.Debug|Any CPU.ActiveCfg = Debug|Any CPU
		{7FF90226-E8C7-4BB1-A5DC-8F8DF1C11749}.Debug|Any CPU.Build.0 = Debug|Any CPU
		{7FF90226-E8C7-4BB1-A5DC-8F8DF1C11749}.Release|Any CPU.ActiveCfg = Release|Any CPU
		{7FF90226-E8C7-4BB1-A5DC-8F8DF1C11749}.Release|Any CPU.Build.0 = Release|Any CPU
	EndGlobalSection
	GlobalSection(SolutionProperties) = preSolution
		HideSolutionNode = FALSE
	EndGlobalSection
EndGlobal
